dependencies:
  callback-patterns: 2.3.0
devDependencies:
  '@types/mocha': 5.2.7
  chai: 4.2.0
  jsdoc-to-markdown: 4.0.1
  mocha: 5.1.1
  ping: 0.2.2
  typescript: 3.5.3
  vet: 2.5.1
lockfileVersion: 5.1
packages:
  /@types/mocha/5.2.7:
    dev: true
    resolution:
      integrity: sha512-NYrtPht0wGzhwe9+/idPaBB+TqkY9AhTvOLMkThm0IoEfLaiVQZwBwyJ5puCkO3AUCWrmcoePjp2mbFocKy4SQ==
  /ansi-escape-sequences/4.1.0:
    dependencies:
      array-back: 3.1.0
    dev: true
    engines:
      node: '>=8.0.0'
    resolution:
      integrity: sha512-dzW9kHxH011uBsidTXd14JXgzye/YLb2LzeKZ4bsgl/Knwx8AtbSFkkGxagdNOoh0DlqHCmfiEjWKBaqjOanVw==
  /array-back/1.0.4:
    dependencies:
      typical: 2.6.1
    dev: true
    engines:
      node: '>=0.12.0'
    resolution:
      integrity: sha1-ZEun8JX3/898Q7Xw3DnTwfA8Bjs=
  /array-back/2.0.0:
    dependencies:
      typical: 2.6.1
    dev: true
    engines:
      node: '>=4'
    resolution:
      integrity: sha512-eJv4pLLufP3g5kcZry0j6WXpIbzYw9GUB4mVJZno9wfwiBxbizTnHCw3VJb07cBihbFX48Y7oSrW9y+gt4glyw==
  /array-back/3.1.0:
    dev: true
    engines:
      node: '>=6'
    resolution:
      integrity: sha512-TkuxA4UCOvxuDK6NZYXCalszEzj+TLszyASooky+i742l9TqsOdYCMJJupxRic61hwquNtppB3hgcuq9SVSH1Q==
  /assertion-error/1.1.0:
    dev: true
    resolution:
      integrity: sha512-jgsaNduz+ndvGyFt3uSuWqvy4lCnIJiovtouQN5JZHOKCS2QuhEdbcQHFhVksz2N2U9hXJo8odG7ETyWlEeuDw==
  /babylon/7.0.0-beta.19:
    dev: true
    engines:
      node: '>=4.2.0'
    hasBin: true
    resolution:
      integrity: sha512-Vg0C9s/REX6/WIXN37UKpv5ZhRi6A4pjHlpkE34+8/a6c2W1Q692n3hmc+SZG5lKRnaExLUbxtJ1SVT+KaCQ/A==
  /balanced-match/1.0.0:
    dev: true
    resolution:
      integrity: sha1-ibTRmasr7kneFk6gK4nORi1xt2c=
  /bluebird/3.5.5:
    dev: true
    resolution:
      integrity: sha512-5am6HnnfN+urzt4yfg7IgTbotDjIT/u8AJpEt0sIU9FtXfVeezXAPKswrG+xKUCOYAINpSdgZVDU6QFh+cuH3w==
  /brace-expansion/1.1.11:
    dependencies:
      balanced-match: 1.0.0
      concat-map: 0.0.1
    dev: true
    resolution:
      integrity: sha512-iCuPHDFgrHX7H2vEI/5xpz07zSHB00TpugqhmYtVmMO6518mCuRMoOYFldEBl0g187ufozdaHgWKcYFb61qGiA==
  /browser-stdout/1.3.1:
    dev: true
    resolution:
      integrity: sha512-qhAVI1+Av2X7qelOfAIYwXONood6XlZE/fXaBSmW/T5SzLAmCgzi+eiWE7fUvbHaeNBQH13UftjpXxsfLkMpgw==
  /cache-point/0.4.1:
    dependencies:
      array-back: 2.0.0
      fs-then-native: 2.0.0
      mkdirp2: 1.0.4
    dev: true
    engines:
      node: '>=4.0.0'
    resolution:
      integrity: sha512-4TgWfe9SF+bUy5cCql8gWHqKNrviufNwSYxLjf2utB0pY4+bdcuFwMmY1hDB+67Gz/L1vmhFNhePAjJTFBtV+Q==
  /callback-patterns/2.3.0:
    dependencies:
      setimmediate: 1.0.5
      tiny-lru: 7.0.2
    dev: false
    resolution:
      integrity: sha512-3drqohsA26B1FdDhUEY9T7LQVIqeQipgiTtWoLAGyajLw1h+npioSogJIfOSMl7qbWF/4qpPYm4dDOqVyxDqqw==
  /catharsis/0.8.11:
    dependencies:
      lodash: 4.17.15
    dev: true
    engines:
      node: '>= 8'
    resolution:
      integrity: sha512-a+xUyMV7hD1BrDQA/3iPV7oc+6W26BgVJO05PGEoatMyIuPScQKsde6i3YorWX1qs+AZjnJ18NqdKoCtKiNh1g==
  /chai/4.2.0:
    dependencies:
      assertion-error: 1.1.0
      check-error: 1.0.2
      deep-eql: 3.0.1
      get-func-name: 2.0.0
      pathval: 1.1.0
      type-detect: 4.0.8
    dev: true
    engines:
      node: '>=4'
    resolution:
      integrity: sha512-XQU3bhBukrOsQCuwZndwGcCVQHyZi53fQ6Ys1Fym7E4olpIqqZZhhoFJoaKVvV17lWQoXYwgWN2nF5crA8J2jw==
  /check-error/1.0.2:
    dev: true
    resolution:
      integrity: sha1-V00xLt2Iu13YkS6Sht1sCu1KrII=
  /collect-all/1.0.3:
    dependencies:
      stream-connect: 1.0.2
      stream-via: 1.0.4
    dev: true
    engines:
      node: '>=0.10.0'
    resolution:
      integrity: sha512-0y0rBgoX8IzIjBAUnO73SEtSb4Mhk3IoceWJq5zZSxb9mWORhWH8xLYo4EDSOE1jRBk1LhmfjqWFFt10h/+MEA==
  /command-line-args/5.1.1:
    dependencies:
      array-back: 3.1.0
      find-replace: 3.0.0
      lodash.camelcase: 4.3.0
      typical: 4.0.0
    dev: true
    engines:
      node: '>=4.0.0'
    resolution:
      integrity: sha512-hL/eG8lrll1Qy1ezvkant+trihbGnaKaeEjj6Scyr3DN+RC7iQ5Rz84IeLERfAWDGo0HBSNAakczwgCilDXnWg==
  /command-line-tool/0.8.0:
    dependencies:
      ansi-escape-sequences: 4.1.0
      array-back: 2.0.0
      command-line-args: 5.1.1
      command-line-usage: 4.1.0
      typical: 2.6.1
    dev: true
    engines:
      node: '>=4.0.0'
    resolution:
      integrity: sha512-Xw18HVx/QzQV3Sc5k1vy3kgtOeGmsKIqwtFFoyjI4bbcpSgnw2CWVULvtakyw4s6fhyAdI6soQQhXc2OzJy62g==
  /command-line-usage/4.1.0:
    dependencies:
      ansi-escape-sequences: 4.1.0
      array-back: 2.0.0
      table-layout: 0.4.5
      typical: 2.6.1
    dev: true
    engines:
      node: '>=4.0.0'
    resolution:
      integrity: sha512-MxS8Ad995KpdAC0Jopo/ovGIroV/m0KHwzKfXxKag6FHOkGsH8/lv5yjgablcRxCJJC0oJeUMuO/gmaq+Wq46g==
  /commander/2.11.0:
    dev: true
    resolution:
      integrity: sha512-b0553uYA5YAEGgyYIGYROzKQ7X5RAqedkfjiZxwi0kL1g3bOaBNNZfYkzt/CL0umgD5wc9Jec2FbB98CjkMRvQ==
  /commander/2.20.0:
    dev: true
    optional: true
    resolution:
      integrity: sha512-7j2y+40w61zy6YC2iRNpUe/NwhNyoXrYpHMrSunaMG64nRnaf96zO/KMQR4OyN/UnE5KLyEBnKHd4aG3rskjpQ==
  /common-sequence/1.0.2:
    dev: true
    engines:
      node: '>=0.10.0'
    resolution:
      integrity: sha1-MOB/P49vf5s97oVPILLTnu4Ibeg=
  /concat-map/0.0.1:
    dev: true
    resolution:
      integrity: sha1-2Klr13/Wjfd5OnMDajug1UBdR3s=
  /config-master/3.1.0:
    dependencies:
      walk-back: 2.0.1
    dev: true
    resolution:
      integrity: sha1-ZnZjWQUFooO/JqSE1oSJ10xUhdo=
  /debug/3.1.0:
    dependencies:
      ms: 2.0.0
    dev: true
    resolution:
      integrity: sha512-OX8XqP7/1a9cqkxYw2yXss15f26NKWBpDXQd0/uK/KPqdQhxbPa994hnzjcE2VqQpDslf55723cKPUOGSmMY3g==
  /deep-eql/3.0.1:
    dependencies:
      type-detect: 4.0.8
    dev: true
    engines:
      node: '>=0.12'
    resolution:
      integrity: sha512-+QeIQyN5ZuO+3Uk5DYh6/1eKO0m0YmJFGNmFHGACpf1ClL1nmlV/p4gNgbl2pJGxgXb4faqo6UE+M5ACEMyVcw==
  /deep-extend/0.6.0:
    dev: true
    engines:
      node: '>=4.0.0'
    resolution:
      integrity: sha512-LOHxIOaPYdHlJRtCQfDIVZtfw/ufM8+rVj649RIHzcm/vGwQRXFt6OPqIFWsm2XEMrNIEtWR64sY1LEKD2vAOA==
  /diff/3.5.0:
    dev: true
    engines:
      node: '>=0.3.1'
    resolution:
      integrity: sha512-A46qtFgd+g7pDZinpnwiRJtxbC1hpgf0uzP3iG89scHk0AUC7A1TGxf5OiiOUv/JMZR8GOt8hL900hV0bOy5xA==
  /dmd/3.0.13:
    dependencies:
      array-back: 2.0.0
      cache-point: 0.4.1
      common-sequence: 1.0.2
      file-set: 2.0.1
      handlebars: 4.1.2
      marked: 0.3.19
      object-get: 2.1.0
      reduce-flatten: 1.0.1
      reduce-unique: 1.0.0
      reduce-without: 1.0.1
      test-value: 3.0.0
      walk-back: 3.0.1
    dev: true
    engines:
      node: '>=4.0.0'
    resolution:
      integrity: sha512-FV/417bH2c/CYpe8BjFEAHoaHaItcJnPlKELi/qyPZdmUom8joyuC78OhhfPUdyKD/WcouTQ2LxQT4M/RoiJ3w==
  /escape-string-regexp/1.0.5:
    dev: true
    engines:
      node: '>=0.8.0'
    resolution:
      integrity: sha1-G2HAViGQqN/2rjuyzwIAyhMLhtQ=
  /file-set/2.0.1:
    dependencies:
      array-back: 2.0.0
      glob: 7.1.4
    dev: true
    resolution:
      integrity: sha512-XgOUUpgR6FbbfYcniLw0qm1Am7PnNYIAkd+eXxRt42LiYhjaso0WiuQ+VmrNdtwotyM+cLCfZ56AZrySP3QnKA==
  /find-replace/3.0.0:
    dependencies:
      array-back: 3.1.0
    dev: true
    engines:
      node: '>=4.0.0'
    resolution:
      integrity: sha512-6Tb2myMioCAgv5kfvP5/PkZZ/ntTpVK39fHY7WkWBgvbeE+VHd/tZuZ4mrC+bxh4cfOZeYKVPaJIZtZXV7GNCQ==
  /fs-then-native/2.0.0:
    dev: true
    engines:
      node: '>=4.0.0'
    resolution:
      integrity: sha1-GaEk2U2QwiyOBF8ujdbr6jbUjGc=
  /fs.realpath/1.0.0:
    dev: true
    resolution:
      integrity: sha1-FQStJSMVjKpA20onh8sBQRmU6k8=
  /get-func-name/2.0.0:
    dev: true
    resolution:
      integrity: sha1-6td0q+5y4gQJQzoGY2YCPdaIekE=
  /glob/7.1.2:
    dependencies:
      fs.realpath: 1.0.0
      inflight: 1.0.6
      inherits: 2.0.4
      minimatch: 3.0.4
      once: 1.4.0
      path-is-absolute: 1.0.1
    dev: true
    resolution:
      integrity: sha512-MJTUg1kjuLeQCJ+ccE4Vpa6kKVXkPYJ2mOCQyUuKLcLQsdrMCpBPUi8qVE6+YuaJkozeA9NusTAw3hLr8Xe5EQ==
  /glob/7.1.4:
    dependencies:
      fs.realpath: 1.0.0
      inflight: 1.0.6
      inherits: 2.0.4
      minimatch: 3.0.4
      once: 1.4.0
      path-is-absolute: 1.0.1
    dev: true
    resolution:
      integrity: sha512-hkLPepehmnKk41pUGm3sYxoFs/umurYfYJCerbXEyFIWcAzvpipAgVkBqqT9RBKMGjnq6kMuyYwha6csxbiM1A==
  /graceful-fs/4.2.1:
    dev: true
    resolution:
      integrity: sha512-b9usnbDGnD928gJB3LrCmxoibr3VE4U2SMo5PBuBnokWyDADTqDPXg4YpwKF1trpH+UbGp7QLicO3+aWEy0+mw==
  /growl/1.10.3:
    dev: true
    engines:
      node: '>=4.x'
    resolution:
      integrity: sha512-hKlsbA5Vu3xsh1Cg3J7jSmX/WaW6A5oBeqzM88oNbCRQFz+zUaXm6yxS4RVytp1scBoJzSYl4YAEOQIt6O8V1Q==
  /handlebars/4.1.2:
    dependencies:
      neo-async: 2.6.1
      optimist: 0.6.1
      source-map: 0.6.1
    dev: true
    engines:
      node: '>=0.4.7'
    hasBin: true
    optionalDependencies:
      uglify-js: 3.6.0
    resolution:
      integrity: sha512-nvfrjqvt9xQ8Z/w0ijewdD/vvWDTOweBUm96NTr66Wfvo1mJenBLwcYmPs3TIBP5ruzYGD7Hx/DaM9RmhroGPw==
  /has-flag/2.0.0:
    dev: true
    engines:
      node: '>=0.10.0'
    resolution:
      integrity: sha1-6CB68cx7MNRGzHC3NLXovhj4jVE=
  /he/1.1.1:
    dev: true
    hasBin: true
    resolution:
      integrity: sha1-k0EP0hsAlzUVH4howvJx80J+I/0=
  /inflight/1.0.6:
    dependencies:
      once: 1.4.0
      wrappy: 1.0.2
    dev: true
    resolution:
      integrity: sha1-Sb1jMdfQLQwJvJEKEHW6gWW1bfk=
  /inherits/2.0.4:
    dev: true
    resolution:
      integrity: sha512-k/vGaX4/Yla3WzyMCvTQOXYeIHvqOKtnqBduzTHpzpQZzAskKMhZ2K+EnBiSM9zGSoIFeMpXKxa4dYeZIQqewQ==
  /js2xmlparser/3.0.0:
    dependencies:
      xmlcreate: 1.0.2
    dev: true
    resolution:
      integrity: sha1-P7YOqgicVED5MZ9RdgzNB+JJlzM=
  /jsdoc-api/4.0.3:
    dependencies:
      array-back: 2.0.0
      cache-point: 0.4.1
      collect-all: 1.0.3
      file-set: 2.0.1
      fs-then-native: 2.0.0
      jsdoc: 3.5.5
      object-to-spawn-args: 1.1.1
      temp-path: 1.0.0
      walk-back: 3.0.1
    dev: true
    engines:
      node: '>=4.0.0'
    resolution:
      integrity: sha512-dfYq9JgB+XahY0XfSEw93PmXmocjwYcvJ5aMuQUJ/OdDRGWamf2SSOk3W06Bsj8qdjp/UdefzqpP/mpwsvHuvA==
  /jsdoc-parse/3.0.1:
    dependencies:
      array-back: 2.0.0
      lodash.omit: 4.5.0
      lodash.pick: 4.4.0
      reduce-extract: 1.0.0
      sort-array: 2.0.0
      test-value: 3.0.0
    dev: true
    engines:
      node: '>=4.0.0'
    resolution:
      integrity: sha512-btZLp4wYl90vcAfgk4hoGQbO17iBVrhh3LJRMKZNtZgniO3F8H2CjxXld0owBIB1XxN+j3bAcWZnZKMnSj3iMA==
  /jsdoc-to-markdown/4.0.1:
    dependencies:
      array-back: 2.0.0
      command-line-tool: 0.8.0
      config-master: 3.1.0
      dmd: 3.0.13
      jsdoc-api: 4.0.3
      jsdoc-parse: 3.0.1
      walk-back: 3.0.1
    dev: true
    engines:
      node: '>=4.0.0'
    hasBin: true
    resolution:
      integrity: sha512-LHJRoLoLyDdxNcColgkLoB/rFG5iRP+PNJjMILI0x+95IdEAtyjSt0wJ6ZlKxRpkhBYtQXTQQ119hMqPIUZzTQ==
  /jsdoc/3.5.5:
    dependencies:
      babylon: 7.0.0-beta.19
      bluebird: 3.5.5
      catharsis: 0.8.11
      escape-string-regexp: 1.0.5
      js2xmlparser: 3.0.0
      klaw: 2.0.0
      marked: 0.3.19
      mkdirp: 0.5.1
      requizzle: 0.2.3
      strip-json-comments: 2.0.1
      taffydb: 2.6.2
      underscore: 1.8.3
    dev: true
    engines:
      node: '>=4.2.0'
    hasBin: true
    resolution:
      integrity: sha512-6PxB65TAU4WO0Wzyr/4/YhlGovXl0EVYfpKbpSroSj0qBxT4/xod/l40Opkm38dRHRdQgdeY836M0uVnJQG7kg==
  /klaw/2.0.0:
    dependencies:
      graceful-fs: 4.2.1
    dev: true
    resolution:
      integrity: sha1-WcEo4Nxc5BAgEVEZTuucv4WGUPY=
  /lodash.camelcase/4.3.0:
    dev: true
    resolution:
      integrity: sha1-soqmKIorn8ZRA1x3EfZathkDMaY=
  /lodash.omit/4.5.0:
    dev: true
    resolution:
      integrity: sha1-brGa5aHuHdnfC5aeZs4Lf6MLXmA=
  /lodash.padend/4.6.1:
    dev: true
    resolution:
      integrity: sha1-U8y6BH0G4VjTEfRdpiX05J5vFm4=
  /lodash.pick/4.4.0:
    dev: true
    resolution:
      integrity: sha1-UvBWEP/53tQiYRRB7R/BI6AwAbM=
  /lodash/4.17.15:
    dev: true
    resolution:
      integrity: sha512-8xOcRHvCjnocdS5cpwXQXVzmmh5e5+saE2QGoeQmbKmRS6J3VQppPOIt0MnmE+4xlZoumy0GPG0D0MVIQbNA1A==
  /marked/0.3.19:
    dev: true
    engines:
      node: '>=0.10.0'
    hasBin: true
    resolution:
      integrity: sha512-ea2eGWOqNxPcXv8dyERdSr/6FmzvWwzjMxpfGB/sbMccXoct+xY+YukPD+QTUZwyvK7BZwcr4m21WBOW41pAkg==
  /minimatch/3.0.4:
    dependencies:
      brace-expansion: 1.1.11
    dev: true
    resolution:
      integrity: sha512-yJHVQEhyqPLUTgt9B83PXu6W3rx4MvvHvSUvToogpwoGDOUQ+yDrR0HRot+yOCdCO7u4hX3pWft6kWBBcqh0UA==
  /minimist/0.0.10:
    dev: true
    resolution:
      integrity: sha1-3j+YVD2/lggr5IrRoMfNqDYwHc8=
  /minimist/0.0.8:
    dev: true
    resolution:
      integrity: sha1-hX/Kv8M5fSYluCKCYuhqp6ARsF0=
  /mkdirp/0.5.1:
    dependencies:
      minimist: 0.0.8
    dev: true
    hasBin: true
    resolution:
      integrity: sha1-MAV0OOrGz3+MR2fzhkjWaX11yQM=
  /mkdirp2/1.0.4:
    dev: true
    resolution:
      integrity: sha512-Q2PKB4ZR4UPtjLl76JfzlgSCUZhSV1AXQgAZa1qt5RiaALFjP/CDrGvFBrOz7Ck6McPcwMAxTsJvWOUjOU8XMw==
  /mocha/5.1.1:
    dependencies:
      browser-stdout: 1.3.1
      commander: 2.11.0
      debug: 3.1.0
      diff: 3.5.0
      escape-string-regexp: 1.0.5
      glob: 7.1.2
      growl: 1.10.3
      he: 1.1.1
      minimatch: 3.0.4
      mkdirp: 0.5.1
      supports-color: 4.4.0
    dev: true
    engines:
      node: '>= 4.0.0'
    hasBin: true
    resolution:
      integrity: sha512-kKKs/H1KrMMQIEsWNxGmb4/BGsmj0dkeyotEvbrAuQ01FcWRLssUNXCEUZk6SZtyJBi6EE7SL0zDDtItw1rGhw==
  /ms/2.0.0:
    dev: true
    resolution:
      integrity: sha1-VgiurfwAvmwpAd9fmGF4jeDVl8g=
  /neo-async/2.6.1:
    dev: true
    resolution:
      integrity: sha512-iyam8fBuCUpWeKPGpaNMetEocMt364qkCsfL9JuhjXX6dRnguRVOfk2GZaDpPjcOKiiXCPINZC1GczQ7iTq3Zw==
  /object-get/2.1.0:
    dev: true
    resolution:
      integrity: sha1-ciu9tgA576R8rTxtws5RqFwCxa4=
  /object-to-spawn-args/1.1.1:
    dev: true
    resolution:
      integrity: sha1-d9qIJ/Bz0BHJ4bFz+JV4FHAkZ4U=
  /once/1.4.0:
    dependencies:
      wrappy: 1.0.2
    dev: true
    resolution:
      integrity: sha1-WDsap3WWHUsROsF9nFC6753Xa9E=
  /optimist/0.6.1:
    dependencies:
      minimist: 0.0.10
      wordwrap: 0.0.3
    dev: true
    resolution:
      integrity: sha1-2j6nRob6IaGaERwybpDrFaAZZoY=
  /path-is-absolute/1.0.1:
    dev: true
    engines:
      node: '>=0.10.0'
    resolution:
      integrity: sha1-F0uSaHNVNP+8es5r9TpanhtcX18=
  /pathval/1.1.0:
    dev: true
    resolution:
      integrity: sha1-uULm1L3mUwBe9rcTYd74cn0GReA=
  /ping/0.2.2:
    dependencies:
      q: 1.5.1
      underscore: 1.9.1
    dev: true
    engines:
      node: '>=0.8'
    resolution:
      integrity: sha1-GA+3UIwdx0eThJvONcgHP5llvOI=
  /q/1.5.1:
    dev: true
    engines:
      node: '>=0.6.0'
      teleport: '>=0.2.0'
    resolution:
      integrity: sha1-fjL3W0E4EpHQRhHxvxQQmsAGUdc=
  /reduce-extract/1.0.0:
    dependencies:
      test-value: 1.1.0
    dev: true
    engines:
      node: '>=0.10.0'
    resolution:
      integrity: sha1-Z/I4W+2mUGG19fQxJmLosIDKFSU=
  /reduce-flatten/1.0.1:
    dev: true
    engines:
      node: '>=0.10.0'
    resolution:
      integrity: sha1-JYx479FT3fk8tWEjf2EYTzaW4yc=
  /reduce-unique/1.0.0:
    dev: true
    engines:
      node: '>=0.10.0'
    resolution:
      integrity: sha1-flhrz4ek4ytter2Cd/rWzeyfSAM=
  /reduce-without/1.0.1:
    dependencies:
      test-value: 2.1.0
    dev: true
    engines:
      node: '>=0.10.0'
    resolution:
      integrity: sha1-aK0OrRGFXJo31OglbBW7+Hly/Iw=
  /requizzle/0.2.3:
    dependencies:
      lodash: 4.17.15
    dev: true
    resolution:
      integrity: sha512-YanoyJjykPxGHii0fZP0uUPEXpvqfBDxWV7s6GKAiiOsiqhX6vHNyW3Qzdmqp/iq/ExbhaGbVrjB4ruEVSM4GQ==
  /setimmediate/1.0.5:
    dev: false
    resolution:
      integrity: sha1-KQy7Iy4waULX1+qbg3Mqt4VvgoU=
  /sort-array/2.0.0:
    dependencies:
      array-back: 1.0.4
      object-get: 2.1.0
      typical: 2.6.1
    dev: true
    engines:
      node: '>=4'
    resolution:
      integrity: sha1-OKnG2if9fRR7QuYFVPKBGHtN9HI=
  /source-map/0.6.1:
    dev: true
    engines:
      node: '>=0.10.0'
    resolution:
      integrity: sha512-UjgapumWlbMhkBgzT7Ykc5YXUT46F0iKu8SGXq0bcwP5dz/h0Plj6enJqjz1Zbq2l5WaqYnrVbwWOWMyF3F47g==
  /stream-connect/1.0.2:
    dependencies:
      array-back: 1.0.4
    dev: true
    engines:
      node: '>=0.10.0'
    resolution:
      integrity: sha1-GLyB8u2zW4tdmoAJIAqYUxRCipc=
  /stream-via/1.0.4:
    dev: true
    engines:
      node: '>=0.10.0'
    resolution:
      integrity: sha512-DBp0lSvX5G9KGRDTkR/R+a29H+Wk2xItOF+MpZLLNDWbEV9tGPnqLPxHEYjmiz8xGtJHRIqmI+hCjmNzqoA4nQ==
  /strip-json-comments/2.0.1:
    dev: true
    engines:
      node: '>=0.10.0'
    resolution:
      integrity: sha1-PFMZQukIwml8DsNEhYwobHygpgo=
  /supports-color/4.4.0:
    dependencies:
      has-flag: 2.0.0
    dev: true
    engines:
      node: '>=4'
    resolution:
      integrity: sha512-rKC3+DyXWgK0ZLKwmRsrkyHVZAjNkfzeehuFWdGGcqGDTZFH73+RH6S/RDAAxl9GusSjZSUWYLmT9N5pzXFOXQ==
  /table-layout/0.4.5:
    dependencies:
      array-back: 2.0.0
      deep-extend: 0.6.0
      lodash.padend: 4.6.1
      typical: 2.6.1
      wordwrapjs: 3.0.0
    dev: true
    engines:
      node: '>=4.0.0'
    resolution:
      integrity: sha512-zTvf0mcggrGeTe/2jJ6ECkJHAQPIYEwDoqsiqBjI24mvRmQbInK5jq33fyypaCBxX08hMkfmdOqj6haT33EqWw==
  /taffydb/2.6.2:
    dev: true
    resolution:
      integrity: sha1-fLy2S1oUG2ou/CxdLGe04VCyomg=
  /temp-path/1.0.0:
    dev: true
    resolution:
      integrity: sha1-JLFUOXOrRCiW2a02fdnL2/r+kYs=
  /test-value/1.1.0:
    dependencies:
      array-back: 1.0.4
      typical: 2.6.1
    dev: true
    engines:
      node: '>=0.10.0'
    resolution:
      integrity: sha1-oJE29y7AQ9J8iTcHwrFZv6196T8=
  /test-value/2.1.0:
    dependencies:
      array-back: 1.0.4
      typical: 2.6.1
    dev: true
    engines:
      node: '>=0.10.0'
    resolution:
      integrity: sha1-Edpv9nDzRxpztiXKTz/c97t0gpE=
  /test-value/3.0.0:
    dependencies:
      array-back: 2.0.0
      typical: 2.6.1
    dev: true
    engines:
      node: '>=4.0.0'
    resolution:
      integrity: sha512-sVACdAWcZkSU9x7AOmJo5TqE+GyNJknHaHsMrR6ZnhjVlVN9Yx6FjHrsKZ3BjIpPCT68zYesPWkakrNupwfOTQ==
  /tiny-lru/7.0.2:
    dev: false
    engines:
      node: '>=6'
    resolution:
      integrity: sha512-cmc9OOwmnAJtyFBYaznKR3abypEhWecarFrvS5db6qwSgoaDUWV0JX+mdh6B9wN60Wux3+gE1vjzxkoqxFBjqw==
  /type-detect/4.0.8:
    dev: true
    engines:
      node: '>=4'
    resolution:
      integrity: sha512-0fr/mIH1dlO+x7TlcMy+bIDqKPsw/70tVyeHW787goQjhmqaZe10uwLujubK9q9Lg6Fiho1KUKDYz0Z7k7g5/g==
  /typescript/3.5.3:
    dev: true
    engines:
      node: '>=4.2.0'
    hasBin: true
    resolution:
      integrity: sha512-ACzBtm/PhXBDId6a6sDJfroT2pOWt/oOnk4/dElG5G33ZL776N3Y6/6bKZJBFpd+b05F3Ct9qDjMeJmRWtE2/g==
  /typical/2.6.1:
    dev: true
    resolution:
      integrity: sha1-XAgOXWYcu+OCWdLnCjxyU+hziB0=
  /typical/4.0.0:
    dev: true
    engines:
      node: '>=8'
    resolution:
      integrity: sha512-VAH4IvQ7BDFYglMd7BPRDfLgxZZX4O4TFcRDA6EN5X7erNJJq+McIEp8np9aVtxrCJ6qx4GTYVfOWNjcqwZgRw==
  /uglify-js/3.6.0:
    dependencies:
      commander: 2.20.0
      source-map: 0.6.1
    dev: true
    engines:
      node: '>=0.8.0'
    hasBin: true
    optional: true
    resolution:
      integrity: sha512-W+jrUHJr3DXKhrsS7NUVxn3zqMOFn0hL/Ei6v0anCIMoKC93TjcflTagwIHLW7SfMFfiQuktQyFVCFHGUE0+yg==
  /underscore/1.8.3:
    dev: true
    resolution:
      integrity: sha1-Tz+1OxBuYJf8+ctBCfKl6b36UCI=
  /underscore/1.9.1:
    dev: true
    resolution:
      integrity: sha512-5/4etnCkd9c8gwgowi5/om/mYO5ajCaOgdzj/oW+0eQV9WxKBDZw5+ycmKmeaTXjInS/W0BzpGLo2xR2aBwZdg==
  /vet/2.5.1:
    dev: true
    resolution:
      integrity: sha512-+Mavj/tbW9XJY/pTxwxKvLojPNegNsdx0Yy3Lc8lFslK0uh0fZvk4fUWA3bsyAaDn/TJ+eBYMgoYQXqZIc9Z1w==
  /walk-back/2.0.1:
    dev: true
    engines:
      node: '>=0.10.0'
    resolution:
      integrity: sha1-VU4qnYdPrEeoywBr9EwvDEmYoKQ=
  /walk-back/3.0.1:
    dev: true
    engines:
      node: '>=4.0.0'
    resolution:
      integrity: sha512-umiNB2qLO731Sxbp6cfZ9pwURJzTnftxE4Gc7hq8n/ehkuXC//s9F65IEIJA2ZytQZ1ZOsm/Fju4IWx0bivkUQ==
  /wordwrap/0.0.3:
    dev: true
    engines:
      node: '>=0.4.0'
    resolution:
      integrity: sha1-o9XabNXAvAAI03I0u68b7WMFkQc=
  /wordwrapjs/3.0.0:
    dependencies:
      reduce-flatten: 1.0.1
      typical: 2.6.1
    dev: true
    engines:
      node: '>=4.0.0'
    resolution:
      integrity: sha512-mO8XtqyPvykVCsrwj5MlOVWvSnCdT+C+QVbm6blradR7JExAhbkZ7hZ9A+9NUtwzSqrlUo9a67ws0EiILrvRpw==
  /wrappy/1.0.2:
    dev: true
    resolution:
      integrity: sha1-tSQ9jz7BqjXxNkYFvA0QNuMKtp8=
  /xmlcreate/1.0.2:
    dev: true
    resolution:
      integrity: sha1-+mv3YqYKQT+z3Y9LA8WyaSONMI8=
specifiers:
  '@types/mocha': ^5.2.7
  callback-patterns: 2.3.0
  chai: ^4.0.2
  jsdoc-to-markdown: ^4.0.1
  mocha: 5.1.1
  ping: ^0.2.2
  typescript: ^3.5.3
  vet: 2.5.1
